<?xml version="1.0" encoding="utf-8"?>
<Project ToolsVersion="4.0" xmlns="http://schemas.microsoft.com/developer/msbuild/2003">
  <ItemGroup>
    <Filter Include="Source Files">
      <UniqueIdentifier>{4FC737F1-C7A5-4376-A066-2A32D752A2FF}</UniqueIdentifier>
      <Extensions>cpp;c;cc;cxx;c++;cppm;ixx;def;odl;idl;hpj;bat;asm;asmx</Extensions>
    </Filter>
    <Filter Include="Header Files">
      <UniqueIdentifier>{93995380-89BD-4b04-88EB-625FBE52EBFB}</UniqueIdentifier>
      <Extensions>h;hh;hpp;hxx;h++;hm;inl;inc;ipp;xsd</Extensions>
    </Filter>
    <Filter Include="Resource Files">
      <UniqueIdentifier>{67DA6AB6-F800-4c08-8B7A-83BB121AAD01}</UniqueIdentifier>
      <Extensions>rc;ico;cur;bmp;dlg;rc2;rct;bin;rgs;gif;jpg;jpeg;jpe;resx;tiff;tif;png;wav;mfcribbon-ms</Extensions>
    </Filter>
    <Filter Include="Source Files\Game">
      <UniqueIdentifier>{2b6a2b6b-1107-4400-9388-b9050bedbcc2}</UniqueIdentifier>
    </Filter>
    <Filter Include="Header Files\Game">
      <UniqueIdentifier>{762603f3-3c10-4ec1-9b81-ae6d53fbb602}</UniqueIdentifier>
    </Filter>
    <Filter Include="Source Files\MainFunction">
      <UniqueIdentifier>{4073d2b4-c898-48e4-af66-3120c5e43c97}</UniqueIdentifier>
    </Filter>
    <Filter Include="Header Files\Engine">
      <UniqueIdentifier>{51a23e0e-e1c7-4fd4-b954-1c11a225ec89}</UniqueIdentifier>
    </Filter>
    <Filter Include="Source Files\Engine">
      <UniqueIdentifier>{55b9b590-d49e-4979-a247-fedbb83f5b09}</UniqueIdentifier>
    </Filter>
    <Filter Include="Header Files\Game\Actor">
      <UniqueIdentifier>{62b022eb-6393-4d5f-b269-36fe2893461f}</UniqueIdentifier>
    </Filter>
    <Filter Include="Header Files\Game\Actor\Camera">
      <UniqueIdentifier>{55e83973-17ce-4d76-93d0-8a9776e3fe17}</UniqueIdentifier>
    </Filter>
    <Filter Include="Source Files\Game\Actor">
      <UniqueIdentifier>{0b309fa1-ce88-4e49-90ea-c8d2e61b0242}</UniqueIdentifier>
    </Filter>
    <Filter Include="Source Files\Game\Actor\Camera">
      <UniqueIdentifier>{2d8a5653-c578-41d4-a3a1-ac0500d02b5d}</UniqueIdentifier>
    </Filter>
    <Filter Include="Header Files\Game\Mesh">
      <UniqueIdentifier>{b8a805cb-9908-4836-8f46-c4d335828e4b}</UniqueIdentifier>
    </Filter>
    <Filter Include="Header Files\Engine\Platform">
      <UniqueIdentifier>{360519da-81fa-455d-96d8-9fa8e2b94504}</UniqueIdentifier>
    </Filter>
    <Filter Include="Header Files\Engine\Platform\Windows">
      <UniqueIdentifier>{ee783c91-6e12-4751-a5fa-415278e867fb}</UniqueIdentifier>
    </Filter>
    <Filter Include="Header Files\Engine\Platform\Windows\WindowsAPI">
      <UniqueIdentifier>{a07bc809-0503-4ddb-a2ff-e9e8fe16dce4}</UniqueIdentifier>
    </Filter>
    <Filter Include="Header Files\Engine\Platform\Windows\WinAsset">
      <UniqueIdentifier>{20936cfc-8553-48ee-a017-dbce236e1da2}</UniqueIdentifier>
    </Filter>
    <Filter Include="Header Files\Engine\Platform\API">
      <UniqueIdentifier>{b7b2e2b4-f415-466b-b795-e1a1304cdd00}</UniqueIdentifier>
    </Filter>
    <Filter Include="Header Files\Engine\Public">
      <UniqueIdentifier>{614fc1ae-d4f8-4269-ab1b-ae32215fe814}</UniqueIdentifier>
    </Filter>
    <Filter Include="Header Files\Engine\Public\BaseClass">
      <UniqueIdentifier>{9cbccfca-dcb7-49f1-aed4-8a2997649bec}</UniqueIdentifier>
    </Filter>
    <Filter Include="Header Files\Engine\Public\BaseCode">
      <UniqueIdentifier>{04fecf5c-0bc0-43aa-ba4e-4507eea42b7a}</UniqueIdentifier>
    </Filter>
    <Filter Include="Header Files\Engine\Public\Data">
      <UniqueIdentifier>{2520c562-da71-46cf-84cb-f47f960d5b64}</UniqueIdentifier>
    </Filter>
    <Filter Include="Header Files\Engine\Scene">
      <UniqueIdentifier>{e49a4560-e62a-40ff-b8d7-d1612c3fee9e}</UniqueIdentifier>
    </Filter>
    <Filter Include="Source Files\Engine\Platform">
      <UniqueIdentifier>{83a100d5-4deb-423a-9523-1187e28d41f5}</UniqueIdentifier>
    </Filter>
    <Filter Include="Source Files\Engine\Platform\Windows">
      <UniqueIdentifier>{2dde04f9-daf3-4e69-94a9-567285490cf4}</UniqueIdentifier>
    </Filter>
    <Filter Include="Source Files\Engine\Platform\Windows\WindowsAPI">
      <UniqueIdentifier>{ab83ffa0-4f5d-4115-b290-d355bdc67878}</UniqueIdentifier>
    </Filter>
    <Filter Include="Source Files\Engine\Public">
      <UniqueIdentifier>{663f7c34-26bd-4c96-8739-9b21dcfb0573}</UniqueIdentifier>
    </Filter>
    <Filter Include="Source Files\Engine\Public\Data">
      <UniqueIdentifier>{30800343-1e23-40b2-a508-bb7e9db5cb56}</UniqueIdentifier>
    </Filter>
    <Filter Include="Source Files\Engine\Public\BaseCode">
      <UniqueIdentifier>{73a67ee2-ed87-4449-893f-3a81f6b4af5f}</UniqueIdentifier>
    </Filter>
    <Filter Include="Source Files\Engine\Public\BaseClass">
      <UniqueIdentifier>{54bafcae-44ce-4186-8c01-e26057839e0d}</UniqueIdentifier>
    </Filter>
    <Filter Include="Source Files\Engine\Scene">
      <UniqueIdentifier>{c40f488d-90e8-4403-9e8f-bcb3a8e1def1}</UniqueIdentifier>
    </Filter>
    <Filter Include="Header Files\Engine\Platform\Render">
      <UniqueIdentifier>{fdb246d8-673c-4106-bb8e-9aaebb5c4461}</UniqueIdentifier>
    </Filter>
    <Filter Include="Header Files\Engine\Public\Material">
      <UniqueIdentifier>{b09146ce-ba1b-48e3-842a-aad28acc8d2a}</UniqueIdentifier>
    </Filter>
    <Filter Include="Source Files\Engine\Public\Material">
      <UniqueIdentifier>{459e0276-ad50-46b1-ad46-b01c5c667620}</UniqueIdentifier>
    </Filter>
    <Filter Include="Header Files\Engine\RHI">
      <UniqueIdentifier>{318ad148-ab9c-4938-b05c-3b861b158115}</UniqueIdentifier>
    </Filter>
    <Filter Include="Source Files\Engine\RHI">
      <UniqueIdentifier>{d1a455d3-cea4-4094-a499-472738e389b8}</UniqueIdentifier>
    </Filter>
    <Filter Include="Header Files\Engine\Platform\Render\Shadow">
      <UniqueIdentifier>{971aa123-ed43-4e15-a377-972ce0c6b60e}</UniqueIdentifier>
    </Filter>
    <Filter Include="Header Files\Engine\Platform\Render\Device">
      <UniqueIdentifier>{6d1eb19c-2dda-45fd-a160-54aae299b53c}</UniqueIdentifier>
    </Filter>
    <Filter Include="Source Files\Engine\Render">
      <UniqueIdentifier>{c289e6da-a823-4e5d-8bac-0468f926c317}</UniqueIdentifier>
    </Filter>
    <Filter Include="Header Files\Engine\EngineDataDef">
      <UniqueIdentifier>{da00c1c6-e782-4aa7-bfc8-a076ae757f24}</UniqueIdentifier>
    </Filter>
    <Filter Include="Header Files\Engine\Platform\Render\Shader">
      <UniqueIdentifier>{9dc9bccd-43d7-449f-b130-c69c6c392e94}</UniqueIdentifier>
    </Filter>
    <Filter Include="Header Files\Engine\Platform\Render\Heap">
      <UniqueIdentifier>{dee8b7a4-b959-40b7-acc7-62eff51e6c63}</UniqueIdentifier>
    </Filter>
    <Filter Include="Header Files\Engine\Platform\Render\Light">
      <UniqueIdentifier>{f2320ef3-90d1-461d-b80f-36f737d96e2d}</UniqueIdentifier>
    </Filter>
    <Filter Include="Header Files\Engine\Platform\Render\RenderScene">
      <UniqueIdentifier>{9360986d-5822-4068-ba7e-fd6b7e207423}</UniqueIdentifier>
    </Filter>
    <Filter Include="Header Files\Engine\Platform\Render\RenderMesh">
      <UniqueIdentifier>{03712378-6a82-4baf-8c5b-5ad1bbae64cd}</UniqueIdentifier>
    </Filter>
    <Filter Include="Header Files\Engine\Platform\Render\ForBloom">
      <UniqueIdentifier>{6a83e698-53b7-4df5-80b5-062b219f8a50}</UniqueIdentifier>
    </Filter>
  </ItemGroup>
  <ItemGroup>
    <ClInclude Include="Engine\d3dx12.h">
      <Filter>Header Files\Engine\Public\BaseCode</Filter>
    </ClInclude>
    <ClInclude Include="Engine\FUtil.h">
      <Filter>Header Files\Engine\Public\BaseCode</Filter>
    </ClInclude>
    <ClInclude Include="Engine\DDSTextureLoader.h">
      <Filter>Header Files\Engine\Public\BaseCode</Filter>
    </ClInclude>
    <ClInclude Include="Engine\FMathHelper.h">
      <Filter>Header Files\Engine\Public\BaseCode</Filter>
    </ClInclude>
    <ClInclude Include="Engine\FGameTimer.h">
      <Filter>Header Files\Engine\Public\BaseClass</Filter>
    </ClInclude>
    <ClInclude Include="Engine\FUploadBuffer.h">
      <Filter>Header Files\Engine\Public\BaseClass</Filter>
    </ClInclude>
    <ClInclude Include="Engine\FCamera.h">
      <Filter>Header Files\Game\Actor\Camera</Filter>
    </ClInclude>
    <ClInclude Include="Engine\FRenderer.h">
      <Filter>Header Files\Engine\Platform\Render</Filter>
    </ClInclude>
    <ClInclude Include="Engine\FWindow.h">
      <Filter>Header Files\Engine\Platform\Render</Filter>
    </ClInclude>
    <ClInclude Include="Engine\FWin32Window.h">
      <Filter>Header Files\Engine\Platform\Windows</Filter>
    </ClInclude>
    <ClInclude Include="Engine\FDataProcessor.h">
      <Filter>Header Files\Engine\Public\Data</Filter>
    </ClInclude>
    <ClInclude Include="Engine\GameLogic.h">
      <Filter>Header Files\Game</Filter>
    </ClInclude>
    <ClInclude Include="Engine\Singleton.h">
      <Filter>Header Files\Engine\Public\BaseCode</Filter>
    </ClInclude>
    <ClInclude Include="Engine\FWinEventRegisterSystem.h">
      <Filter>Header Files\Engine\Public\BaseClass</Filter>
    </ClInclude>
    <ClInclude Include="Engine\FScene.h">
      <Filter>Header Files\Engine\Scene</Filter>
    </ClInclude>
    <ClInclude Include="Engine\CharlotteEngine.h">
      <Filter>Header Files\Engine</Filter>
    </ClInclude>
    <ClInclude Include="Engine\FInputSystem.h">
      <Filter>Header Files\Engine\Public\BaseClass</Filter>
    </ClInclude>
    <ClInclude Include="Engine\GameInstance.h">
      <Filter>Header Files\Game</Filter>
    </ClInclude>
    <ClInclude Include="UStaticMesh.h">
      <Filter>Header Files\Game\Mesh</Filter>
    </ClInclude>
    <ClInclude Include="Engine\stdafx.h">
      <Filter>Header Files</Filter>
    </ClInclude>
    <ClInclude Include="Engine\FMeshAsset.h">
      <Filter>Header Files\Engine\Scene</Filter>
    </ClInclude>
    <ClInclude Include="Engine\WinMaterialData.h">
      <Filter>Header Files\Engine\Public\Material</Filter>
    </ClInclude>
    <ClInclude Include="Engine\FMaterial.h">
      <Filter>Header Files\Engine\Public\Material</Filter>
    </ClInclude>
    <ClInclude Include="Engine\AActor.h">
      <Filter>Header Files\Game\Actor</Filter>
    </ClInclude>
    <ClInclude Include="Engine\FWinRenderScene.h">
      <Filter>Header Files\Engine\RHI</Filter>
    </ClInclude>
    <ClInclude Include="Engine\RHI.h">
      <Filter>Header Files\Engine\RHI</Filter>
    </ClInclude>
    <ClInclude Include="Engine\DX12RHI.h">
      <Filter>Header Files\Engine\RHI</Filter>
    </ClInclude>
    <ClInclude Include="Engine\DXPrimitives.h">
      <Filter>Header Files\Engine\RHI</Filter>
    </ClInclude>
    <ClInclude Include="Engine\RHIResource.h">
      <Filter>Header Files\Engine\RHI</Filter>
    </ClInclude>
    <ClInclude Include="Engine\SPrimitive.h">
      <Filter>Header Files\Engine\RHI</Filter>
    </ClInclude>
    <ClInclude Include="Engine\FDXShadowMap.h">
      <Filter>Header Files\Engine\Platform\Render\Shadow</Filter>
    </ClInclude>
    <ClInclude Include="Engine\FDevice.h">
      <Filter>Header Files\Engine\Platform\Render\Device</Filter>
    </ClInclude>
    <ClInclude Include="Engine\FDXDevice.h">
      <Filter>Header Files\Engine\Platform\Render\Device</Filter>
    </ClInclude>
    <ClInclude Include="Engine\DX12RHIData.h">
      <Filter>Header Files\Engine\RHI</Filter>
    </ClInclude>
    <ClInclude Include="Engine\FPCRenderer.h">
      <Filter>Header Files\Engine\Platform\Render</Filter>
    </ClInclude>
    <ClInclude Include="Engine\FDXPSOs.h">
      <Filter>Header Files\Engine\RHI</Filter>
    </ClInclude>
    <ClInclude Include="Engine\FDX12Buffer.h">
      <Filter>Header Files\Engine\RHI</Filter>
    </ClInclude>
    <ClInclude Include="Engine\STransformDef.h">
      <Filter>Header Files\Engine\EngineDataDef</Filter>
    </ClInclude>
    <ClInclude Include="Engine\SRHIConstants.h">
      <Filter>Header Files\Engine\EngineDataDef</Filter>
    </ClInclude>
    <ClInclude Include="Engine\DDefines.h">
      <Filter>Header Files\Engine\EngineDataDef</Filter>
    </ClInclude>
    <ClInclude Include="Engine\SEShaderElements.h">
      <Filter>Header Files\Engine\EngineDataDef</Filter>
    </ClInclude>
    <ClInclude Include="Engine\FDXRHIFunctionLibrary.h">
      <Filter>Header Files\Engine\RHI</Filter>
    </ClInclude>
    <ClInclude Include="Engine\FShader.h">
      <Filter>Header Files\Engine\Platform\Render\Shader</Filter>
    </ClInclude>
    <ClInclude Include="Engine\FCommandList.h">
      <Filter>Header Files\Engine\Platform\Render</Filter>
    </ClInclude>
    <ClInclude Include="Engine\FHeapManager.h">
      <Filter>Header Files\Engine\Platform\Render\Heap</Filter>
    </ClInclude>
    <ClInclude Include="Engine\EHeapType.h">
      <Filter>Header Files\Engine\Platform\Render\Heap</Filter>
    </ClInclude>
    <ClInclude Include="Engine\FBaseLight.h">
      <Filter>Header Files\Engine\Platform\Render\Light</Filter>
    </ClInclude>
    <ClInclude Include="Engine\FTempRenderScene.h">
      <Filter>Header Files\Engine\Platform\Render\RenderScene</Filter>
    </ClInclude>
    <ClInclude Include="Engine\FRenderMesh.h">
      <Filter>Header Files\Engine\Platform\Render\RenderMesh</Filter>
    </ClInclude>
    <ClInclude Include="Engine\FRenderScene.h">
      <Filter>Header Files\Engine\Platform\Render\RenderScene</Filter>
    </ClInclude>
    <ClInclude Include="Engine\FShadowMap.h">
      <Filter>Header Files\Engine\Platform\Render\Shadow</Filter>
    </ClInclude>
    <ClInclude Include="Engine\FRenderPSO.h">
      <Filter>Header Files\Engine\Public\Material</Filter>
    </ClInclude>
    <ClInclude Include="Engine\FVerticesAndIndicesBuffer.h">
      <Filter>Header Files\Engine\Platform\Render\RenderMesh</Filter>
    </ClInclude>
    <ClInclude Include="Engine\FTexture.h">
      <Filter>Header Files\Engine\Public\Material</Filter>
    </ClInclude>
    <ClInclude Include="Engine\SMaterialAttributes.h">
      <Filter>Header Files\Engine\Public\Material</Filter>
    </ClInclude>
    <ClInclude Include="Engine\FRHIManager.h">
      <Filter>Header Files\Engine\RHI</Filter>
    </ClInclude>
    <ClInclude Include="Engine\FPCRenderTarget.h">
      <Filter>Header Files\Engine\Platform\Render</Filter>
    </ClInclude>
    <ClInclude Include="Engine\SViewportAndRect.h">
      <Filter>Header Files\Engine\EngineDataDef</Filter>
    </ClInclude>
    <ClInclude Include="Engine\FResource.h">
      <Filter>Header Files\Engine\Platform\Render</Filter>
    </ClInclude>
    <ClInclude Include="Engine\FDXResource.h">
      <Filter>Header Files\Engine\Platform\Render</Filter>
    </ClInclude>
    <ClInclude Include="Engine\SEResourceElement.h">
      <Filter>Header Files\Engine\Platform\Render</Filter>
    </ClInclude>
  </ItemGroup>
  <ItemGroup>
    <ClCompile Include="Engine\DDSTextureLoader.cpp">
      <Filter>Source Files\Engine\Public\BaseCode</Filter>
    </ClCompile>
    <ClCompile Include="Engine\FUtil.cpp">
      <Filter>Source Files\Engine\Public\BaseCode</Filter>
    </ClCompile>
    <ClCompile Include="Engine\FMathHelper.cpp">
      <Filter>Source Files\Engine\Public\BaseCode</Filter>
    </ClCompile>
    <ClCompile Include="Engine\FCamera.cpp">
      <Filter>Source Files\Game\Actor\Camera</Filter>
    </ClCompile>
    <ClCompile Include="Engine\FDataProcessor.cpp">
      <Filter>Source Files\Engine\Public\Data</Filter>
    </ClCompile>
    <ClCompile Include="Engine\FGameTimer.cpp">
      <Filter>Source Files\Engine\Public\BaseClass</Filter>
    </ClCompile>
    <ClCompile Include="Main.cpp">
      <Filter>Source Files\MainFunction</Filter>
    </ClCompile>
    <ClCompile Include="stdafx.cpp">
      <Filter>Source Files\MainFunction</Filter>
    </ClCompile>
    <ClCompile Include="WinMain.cpp">
      <Filter>Source Files\MainFunction</Filter>
    </ClCompile>
    <ClCompile Include="Engine\FWin32Window.cpp">
      <Filter>Source Files\Engine\Platform\Windows</Filter>
    </ClCompile>
    <ClCompile Include="Engine\GameLogic.cpp">
      <Filter>Source Files\Game</Filter>
    </ClCompile>
    <ClCompile Include="Engine\FWinEventRegisterSystem.cpp">
      <Filter>Source Files\Engine\Public\BaseClass</Filter>
    </ClCompile>
    <ClCompile Include="Engine\GameInstance.cpp">
      <Filter>Source Files\Game</Filter>
    </ClCompile>
    <ClCompile Include="Engine\FScene.cpp">
      <Filter>Source Files\Engine\Scene</Filter>
    </ClCompile>
    <ClCompile Include="Engine\CharlotteEngine.cpp">
      <Filter>Source Files\Engine</Filter>
    </ClCompile>
    <ClCompile Include="UStaticMesh.cpp">
      <Filter>Source Files\Game\Actor</Filter>
    </ClCompile>
    <ClCompile Include="Engine\FMeshAsset.cpp">
      <Filter>Source Files\Engine\Scene</Filter>
    </ClCompile>
    <ClCompile Include="Engine\FMaterial.cpp">
      <Filter>Source Files\Engine\Public\Material</Filter>
    </ClCompile>
    <ClCompile Include="Engine\FWinRenderScene.cpp">
      <Filter>Source Files\Engine\RHI</Filter>
    </ClCompile>
    <ClCompile Include="Engine\DX12RHI.cpp">
      <Filter>Source Files\Engine\RHI</Filter>
    </ClCompile>
    <ClCompile Include="Engine\FPCRenderer.cpp">
      <Filter>Source Files\Engine\Render</Filter>
    </ClCompile>
    <ClCompile Include="Engine\FDXShadowMap.cpp">
      <Filter>Source Files\Engine\Render</Filter>
    </ClCompile>
    <ClCompile Include="Engine\FHeapManager.cpp">
      <Filter>Source Files\Engine\Render</Filter>
    </ClCompile>
    <ClCompile Include="Engine\FRenderScene.cpp">
      <Filter>Source Files\Engine\Render</Filter>
    </ClCompile>
    <ClCompile Include="Engine\FVerticesAndIndicesBuffer.cpp">
      <Filter>Source Files\Engine\Render</Filter>
    </ClCompile>
    <ClCompile Include="Engine\FRHIManager.cpp">
      <Filter>Source Files\Engine\RHI</Filter>
    </ClCompile>
    <ClCompile Include="Engine\FPCRenderTarget.cpp">
      <Filter>Source Files\Engine\Render</Filter>
    </ClCompile>
    <ClCompile Include="Engine\FDXResource.cpp">
      <Filter>Source Files</Filter>
    </ClCompile>
  </ItemGroup>
  <ItemGroup>
    <None Include="Engine\ShadowH.hlsli">
      <Filter>Header Files\Engine\Scene</Filter>
    </None>
  </ItemGroup>
</Project>